
Microsoft Visual Studio Solution File, Format Version 12.00
# Visual Studio Version 16
VisualStudioVersion = 16.0.29613.14
MinimumVisualStudioVersion = 10.0.40219.1
Project("{2150E333-8FDC-42A3-9474-1A3956D46DE8}") = "Application", "Application", "{5F817724-3C13-4FDE-88DD-89B8F695F965}"
EndProject
Project("{9A19103F-16F7-4668-BE54-9A1E7A4F7556}") = "PS.API", "PS.API\PS.API.csproj", "{46B38361-EF9B-4698-A56D-5909961BF506}"
EndProject
Project("{FAE04EC0-301F-11D3-BF4B-00C04F79EFBC}") = "PS.API.DTOS", "PS.API.DTOS\PS.API.DTOS.csproj", "{92623EC1-46B5-432D-9A00-9FB7B30EA662}"
EndProject
Project("{FAE04EC0-301F-11D3-BF4B-00C04F79EFBC}") = "PS.GeneralProvider", "PS.GeneralProvider\PS.GeneralProvider.csproj", "{5FE420C4-0F01-424C-8E32-2470B495B378}"
EndProject
Global
	GlobalSection(SolutionConfigurationPlatforms) = preSolution
		Debug|Any CPU = Debug|Any CPU
		Release|Any CPU = Release|Any CPU
	EndGlobalSection
	GlobalSection(ProjectConfigurationPlatforms) = postSolution
		{46B38361-EF9B-4698-A56D-5909961BF506}.Debug|Any CPU.ActiveCfg = Debug|Any CPU
		{46B38361-EF9B-4698-A56D-5909961BF506}.Debug|Any CPU.Build.0 = Debug|Any CPU
		{46B38361-EF9B-4698-A56D-5909961BF506}.Release|Any CPU.ActiveCfg = Release|Any CPU
		{46B38361-EF9B-4698-A56D-5909961BF506}.Release|Any CPU.Build.0 = Release|Any CPU
		{92623EC1-46B5-432D-9A00-9FB7B30EA662}.Debug|Any CPU.ActiveCfg = Debug|Any CPU
		{92623EC1-46B5-432D-9A00-9FB7B30EA662}.Debug|Any CPU.Build.0 = Debug|Any CPU
		{92623EC1-46B5-432D-9A00-9FB7B30EA662}.Release|Any CPU.ActiveCfg = Release|Any CPU
		{92623EC1-46B5-432D-9A00-9FB7B30EA662}.Release|Any CPU.Build.0 = Release|Any CPU
		{5FE420C4-0F01-424C-8E32-2470B495B378}.Debug|Any CPU.ActiveCfg = Debug|Any CPU
		{5FE420C4-0F01-424C-8E32-2470B495B378}.Debug|Any CPU.Build.0 = Debug|Any CPU
		{5FE420C4-0F01-424C-8E32-2470B495B378}.Release|Any CPU.ActiveCfg = Release|Any CPU
		{5FE420C4-0F01-424C-8E32-2470B495B378}.Release|Any CPU.Build.0 = Release|Any CPU
	EndGlobalSection
	GlobalSection(SolutionProperties) = preSolution
		HideSolutionNode = FALSE
	EndGlobalSection
	GlobalSection(NestedProjects) = preSolution
		{46B38361-EF9B-4698-A56D-5909961BF506} = {5F817724-3C13-4FDE-88DD-89B8F695F965}
		{92623EC1-46B5-432D-9A00-9FB7B30EA662} = {5F817724-3C13-4FDE-88DD-89B8F695F965}
		{5FE420C4-0F01-424C-8E32-2470B495B378} = {5F817724-3C13-4FDE-88DD-89B8F695F965}
	EndGlobalSection
	GlobalSection(ExtensibilityGlobals) = postSolution
		SolutionGuid = {3E880BB2-8A9E-4FE2-81E3-49E1D52B003D}
	EndGlobalSection
EndGlobal
