
Microsoft Visual Studio Solution File, Format Version 12.00
# Visual Studio Version 16
VisualStudioVersion = 16.0.29613.14
MinimumVisualStudioVersion = 10.0.40219.1
Project("{2150E333-8FDC-42A3-9474-1A3956D46DE8}") = "Application", "Application", "{5F817724-3C13-4FDE-88DD-89B8F695F965}"
EndProject
Project("{9A19103F-16F7-4668-BE54-9A1E7A4F7556}") = "PS.API", "PS.API\PS.API.csproj", "{46B38361-EF9B-4698-A56D-5909961BF506}"
EndProject
Project("{2150E333-8FDC-42A3-9474-1A3956D46DE8}") = "SDK", "SDK", "{1FF461DA-7B03-428B-AC32-0BE91091A96D}"
EndProject
Project("{9A19103F-16F7-4668-BE54-9A1E7A4F7556}") = "PS.Core", "PS.Core\PS.Core.csproj", "{07C219CD-DF3C-49E9-82C0-8ED18A9A48F2}"
EndProject
Project("{9A19103F-16F7-4668-BE54-9A1E7A4F7556}") = "PS.Provider", "PS.Provider\PS.Provider.csproj", "{10589C75-CADE-413F-8FB8-05F2316E1AE7}"
EndProject
Project("{9A19103F-16F7-4668-BE54-9A1E7A4F7556}") = "PS.Model", "PS.Model\PS.Model.csproj", "{F0FF367D-7460-4279-8BD0-0A23EA95F7D0}"
EndProject
Project("{9A19103F-16F7-4668-BE54-9A1E7A4F7556}") = "PS.Auxiliary", "PS.Auxiliary\PS.Auxiliary.csproj", "{01F26E4C-D547-41F4-91B0-295430FA3A2A}"
EndProject
Project("{9A19103F-16F7-4668-BE54-9A1E7A4F7556}") = "PS.BaseRepository", "PS.BaseRepository\PS.BaseRepository.csproj", "{A958D0AC-77D6-41EA-BE54-60B88D770966}"
EndProject
Project("{9A19103F-16F7-4668-BE54-9A1E7A4F7556}") = "PS.External.Model", "PS.External.Model\PS.External.Model.csproj", "{5ED02084-A00A-4559-A028-A3523C6937F2}"
EndProject
Project("{9A19103F-16F7-4668-BE54-9A1E7A4F7556}") = "PS.Proto", "PS.Proto\PS.Proto.csproj", "{66CC8ECC-A793-4808-81CD-322A7023D041}"
EndProject
Global
	GlobalSection(SolutionConfigurationPlatforms) = preSolution
		Debug|Any CPU = Debug|Any CPU
		Release|Any CPU = Release|Any CPU
	EndGlobalSection
	GlobalSection(ProjectConfigurationPlatforms) = postSolution
		{46B38361-EF9B-4698-A56D-5909961BF506}.Debug|Any CPU.ActiveCfg = Debug|Any CPU
		{46B38361-EF9B-4698-A56D-5909961BF506}.Debug|Any CPU.Build.0 = Debug|Any CPU
		{46B38361-EF9B-4698-A56D-5909961BF506}.Release|Any CPU.ActiveCfg = Release|Any CPU
		{46B38361-EF9B-4698-A56D-5909961BF506}.Release|Any CPU.Build.0 = Release|Any CPU
		{07C219CD-DF3C-49E9-82C0-8ED18A9A48F2}.Debug|Any CPU.ActiveCfg = Debug|Any CPU
		{07C219CD-DF3C-49E9-82C0-8ED18A9A48F2}.Debug|Any CPU.Build.0 = Debug|Any CPU
		{07C219CD-DF3C-49E9-82C0-8ED18A9A48F2}.Release|Any CPU.ActiveCfg = Release|Any CPU
		{07C219CD-DF3C-49E9-82C0-8ED18A9A48F2}.Release|Any CPU.Build.0 = Release|Any CPU
		{10589C75-CADE-413F-8FB8-05F2316E1AE7}.Debug|Any CPU.ActiveCfg = Debug|Any CPU
		{10589C75-CADE-413F-8FB8-05F2316E1AE7}.Debug|Any CPU.Build.0 = Debug|Any CPU
		{10589C75-CADE-413F-8FB8-05F2316E1AE7}.Release|Any CPU.ActiveCfg = Release|Any CPU
		{10589C75-CADE-413F-8FB8-05F2316E1AE7}.Release|Any CPU.Build.0 = Release|Any CPU
		{F0FF367D-7460-4279-8BD0-0A23EA95F7D0}.Debug|Any CPU.ActiveCfg = Debug|Any CPU
		{F0FF367D-7460-4279-8BD0-0A23EA95F7D0}.Debug|Any CPU.Build.0 = Debug|Any CPU
		{F0FF367D-7460-4279-8BD0-0A23EA95F7D0}.Release|Any CPU.ActiveCfg = Release|Any CPU
		{F0FF367D-7460-4279-8BD0-0A23EA95F7D0}.Release|Any CPU.Build.0 = Release|Any CPU
		{01F26E4C-D547-41F4-91B0-295430FA3A2A}.Debug|Any CPU.ActiveCfg = Debug|Any CPU
		{01F26E4C-D547-41F4-91B0-295430FA3A2A}.Debug|Any CPU.Build.0 = Debug|Any CPU
		{01F26E4C-D547-41F4-91B0-295430FA3A2A}.Release|Any CPU.ActiveCfg = Release|Any CPU
		{01F26E4C-D547-41F4-91B0-295430FA3A2A}.Release|Any CPU.Build.0 = Release|Any CPU
		{A958D0AC-77D6-41EA-BE54-60B88D770966}.Debug|Any CPU.ActiveCfg = Debug|Any CPU
		{A958D0AC-77D6-41EA-BE54-60B88D770966}.Debug|Any CPU.Build.0 = Debug|Any CPU
		{A958D0AC-77D6-41EA-BE54-60B88D770966}.Release|Any CPU.ActiveCfg = Release|Any CPU
		{A958D0AC-77D6-41EA-BE54-60B88D770966}.Release|Any CPU.Build.0 = Release|Any CPU
		{5ED02084-A00A-4559-A028-A3523C6937F2}.Debug|Any CPU.ActiveCfg = Debug|Any CPU
		{5ED02084-A00A-4559-A028-A3523C6937F2}.Debug|Any CPU.Build.0 = Debug|Any CPU
		{5ED02084-A00A-4559-A028-A3523C6937F2}.Release|Any CPU.ActiveCfg = Release|Any CPU
		{5ED02084-A00A-4559-A028-A3523C6937F2}.Release|Any CPU.Build.0 = Release|Any CPU
		{66CC8ECC-A793-4808-81CD-322A7023D041}.Debug|Any CPU.ActiveCfg = Debug|Any CPU
		{66CC8ECC-A793-4808-81CD-322A7023D041}.Debug|Any CPU.Build.0 = Debug|Any CPU
		{66CC8ECC-A793-4808-81CD-322A7023D041}.Release|Any CPU.ActiveCfg = Release|Any CPU
		{66CC8ECC-A793-4808-81CD-322A7023D041}.Release|Any CPU.Build.0 = Release|Any CPU
	EndGlobalSection
	GlobalSection(SolutionProperties) = preSolution
		HideSolutionNode = FALSE
	EndGlobalSection
	GlobalSection(NestedProjects) = preSolution
		{46B38361-EF9B-4698-A56D-5909961BF506} = {5F817724-3C13-4FDE-88DD-89B8F695F965}
		{07C219CD-DF3C-49E9-82C0-8ED18A9A48F2} = {1FF461DA-7B03-428B-AC32-0BE91091A96D}
		{10589C75-CADE-413F-8FB8-05F2316E1AE7} = {1FF461DA-7B03-428B-AC32-0BE91091A96D}
		{F0FF367D-7460-4279-8BD0-0A23EA95F7D0} = {5F817724-3C13-4FDE-88DD-89B8F695F965}
		{01F26E4C-D547-41F4-91B0-295430FA3A2A} = {1FF461DA-7B03-428B-AC32-0BE91091A96D}
		{A958D0AC-77D6-41EA-BE54-60B88D770966} = {5F817724-3C13-4FDE-88DD-89B8F695F965}
		{5ED02084-A00A-4559-A028-A3523C6937F2} = {5F817724-3C13-4FDE-88DD-89B8F695F965}
		{66CC8ECC-A793-4808-81CD-322A7023D041} = {1FF461DA-7B03-428B-AC32-0BE91091A96D}
	EndGlobalSection
	GlobalSection(ExtensibilityGlobals) = postSolution
		SolutionGuid = {3E880BB2-8A9E-4FE2-81E3-49E1D52B003D}
	EndGlobalSection
EndGlobal
