
Microsoft Visual Studio Solution File, Format Version 12.00
# Visual Studio Version 16
VisualStudioVersion = 16.0.29613.14
MinimumVisualStudioVersion = 10.0.40219.1
Project("{2150E333-8FDC-42A3-9474-1A3956D46DE8}") = "Application", "Application", "{5F817724-3C13-4FDE-88DD-89B8F695F965}"
EndProject
Project("{FAE04EC0-301F-11D3-BF4B-00C04F79EFBC}") = "PS.API", "PS.API\PS.API.csproj", "{46B38361-EF9B-4698-A56D-5909961BF506}"
EndProject
Global
	GlobalSection(SolutionConfigurationPlatforms) = preSolution
		Debug|Any CPU = Debug|Any CPU
		Release|Any CPU = Release|Any CPU
	EndGlobalSection
	GlobalSection(ProjectConfigurationPlatforms) = postSolution
		{46B38361-EF9B-4698-A56D-5909961BF506}.Debug|Any CPU.ActiveCfg = Debug|Any CPU
		{46B38361-EF9B-4698-A56D-5909961BF506}.Debug|Any CPU.Build.0 = Debug|Any CPU
		{46B38361-EF9B-4698-A56D-5909961BF506}.Release|Any CPU.ActiveCfg = Release|Any CPU
		{46B38361-EF9B-4698-A56D-5909961BF506}.Release|Any CPU.Build.0 = Release|Any CPU
	EndGlobalSection
	GlobalSection(SolutionProperties) = preSolution
		HideSolutionNode = FALSE
	EndGlobalSection
	GlobalSection(NestedProjects) = preSolution
		{46B38361-EF9B-4698-A56D-5909961BF506} = {5F817724-3C13-4FDE-88DD-89B8F695F965}
	EndGlobalSection
	GlobalSection(ExtensibilityGlobals) = postSolution
		SolutionGuid = {3E880BB2-8A9E-4FE2-81E3-49E1D52B003D}
	EndGlobalSection
EndGlobal
